
Microsoft Visual Studio Solution File, Format Version 12.00
# Visual Studio Version 17
VisualStudioVersion = 17.0.31903.59
MinimumVisualStudioVersion = 10.0.40219.1
Project("{2150E333-8FDC-42A3-9474-1A3956D46DE8}") = "src", "src", "{F22DEE9C-4E21-4F5C-979D-508138315B69}"
EndProject
Project("{FAE04EC0-301F-11D3-BF4B-00C04F79EFBC}") = "BLLManage.Api", "src\BLLManage.Api\BLLManage.Api.csproj", "{D5913B95-1294-47B5-8AAC-220919CB0B4F}"
EndProject
Project("{FAE04EC0-301F-11D3-BF4B-00C04F79EFBC}") = "BLLManage.Domain", "src\BLLManage.Domain\BLLManage.Domain.csproj", "{2C115990-5385-4237-B73F-F10C96B12ECF}"
EndProject
Project("{FAE04EC0-301F-11D3-BF4B-00C04F79EFBC}") = "BLLManage.Application", "src\BLLManage.Application\BLLManage.Application.csproj", "{DABC7443-0279-467B-9A09-DB5C91E4785A}"
EndProject
Project("{FAE04EC0-301F-11D3-BF4B-00C04F79EFBC}") = "BLLManage.Infrastructure", "src\BLLManage.Infrastructure\BLLManage.Infrastructure.csproj", "{0FD319C4-B7DB-4B92-B4B8-D8B8014B86D4}"
EndProject
Project("{2150E333-8FDC-42A3-9474-1A3956D46DE8}") = "tests", "tests", "{8E15DF0B-23DB-4171-9A66-19D0B37CA10B}"
EndProject
Project("{FAE04EC0-301F-11D3-BF4B-00C04F79EFBC}") = "BLLManage.Tests", "tests\BLLManage.Tests\BLLManage.Tests.csproj", "{0023BC03-3CEC-470E-8762-56F7E198BB2C}"
EndProject
Global
	GlobalSection(SolutionConfigurationPlatforms) = preSolution
		Debug|Any CPU = Debug|Any CPU
		Release|Any CPU = Release|Any CPU
	EndGlobalSection
	GlobalSection(SolutionProperties) = preSolution
		HideSolutionNode = FALSE
	EndGlobalSection
	GlobalSection(ProjectConfigurationPlatforms) = postSolution
		{D5913B95-1294-47B5-8AAC-220919CB0B4F}.Debug|Any CPU.ActiveCfg = Debug|Any CPU
		{D5913B95-1294-47B5-8AAC-220919CB0B4F}.Debug|Any CPU.Build.0 = Debug|Any CPU
		{D5913B95-1294-47B5-8AAC-220919CB0B4F}.Release|Any CPU.ActiveCfg = Release|Any CPU
		{D5913B95-1294-47B5-8AAC-220919CB0B4F}.Release|Any CPU.Build.0 = Release|Any CPU
		{2C115990-5385-4237-B73F-F10C96B12ECF}.Debug|Any CPU.ActiveCfg = Debug|Any CPU
		{2C115990-5385-4237-B73F-F10C96B12ECF}.Debug|Any CPU.Build.0 = Debug|Any CPU
		{2C115990-5385-4237-B73F-F10C96B12ECF}.Release|Any CPU.ActiveCfg = Release|Any CPU
		{2C115990-5385-4237-B73F-F10C96B12ECF}.Release|Any CPU.Build.0 = Release|Any CPU
		{DABC7443-0279-467B-9A09-DB5C91E4785A}.Debug|Any CPU.ActiveCfg = Debug|Any CPU
		{DABC7443-0279-467B-9A09-DB5C91E4785A}.Debug|Any CPU.Build.0 = Debug|Any CPU
		{DABC7443-0279-467B-9A09-DB5C91E4785A}.Release|Any CPU.ActiveCfg = Release|Any CPU
		{DABC7443-0279-467B-9A09-DB5C91E4785A}.Release|Any CPU.Build.0 = Release|Any CPU
		{0FD319C4-B7DB-4B92-B4B8-D8B8014B86D4}.Debug|Any CPU.ActiveCfg = Debug|Any CPU
		{0FD319C4-B7DB-4B92-B4B8-D8B8014B86D4}.Debug|Any CPU.Build.0 = Debug|Any CPU
		{0FD319C4-B7DB-4B92-B4B8-D8B8014B86D4}.Release|Any CPU.ActiveCfg = Release|Any CPU
		{0FD319C4-B7DB-4B92-B4B8-D8B8014B86D4}.Release|Any CPU.Build.0 = Release|Any CPU
		{0023BC03-3CEC-470E-8762-56F7E198BB2C}.Debug|Any CPU.ActiveCfg = Debug|Any CPU
		{0023BC03-3CEC-470E-8762-56F7E198BB2C}.Debug|Any CPU.Build.0 = Debug|Any CPU
		{0023BC03-3CEC-470E-8762-56F7E198BB2C}.Release|Any CPU.ActiveCfg = Release|Any CPU
		{0023BC03-3CEC-470E-8762-56F7E198BB2C}.Release|Any CPU.Build.0 = Release|Any CPU
	EndGlobalSection
	GlobalSection(NestedProjects) = preSolution
		{D5913B95-1294-47B5-8AAC-220919CB0B4F} = {F22DEE9C-4E21-4F5C-979D-508138315B69}
		{2C115990-5385-4237-B73F-F10C96B12ECF} = {F22DEE9C-4E21-4F5C-979D-508138315B69}
		{DABC7443-0279-467B-9A09-DB5C91E4785A} = {F22DEE9C-4E21-4F5C-979D-508138315B69}
		{0FD319C4-B7DB-4B92-B4B8-D8B8014B86D4} = {F22DEE9C-4E21-4F5C-979D-508138315B69}
		{0023BC03-3CEC-470E-8762-56F7E198BB2C} = {8E15DF0B-23DB-4171-9A66-19D0B37CA10B}
	EndGlobalSection
EndGlobal
